
Microsoft Visual Studio Solution File, Format Version 12.00
# Visual Studio Version 17
VisualStudioVersion = 17.11.35222.181
MinimumVisualStudioVersion = 10.0.40219.1
Project("{FAE04EC0-301F-11D3-BF4B-00C04F79EFBC}") = "PRN_BE", "PRN_BE.csproj", "{13DD45C6-0862-430A-853C-0D508B018CDE}"
EndProject
Global
	GlobalSection(SolutionConfigurationPlatforms) = preSolution
		Debug|Any CPU = Debug|Any CPU
		Release|Any CPU = Release|Any CPU
	EndGlobalSection
	GlobalSection(ProjectConfigurationPlatforms) = postSolution
		{13DD45C6-0862-430A-853C-0D508B018CDE}.Debug|Any CPU.ActiveCfg = Debug|Any CPU
		{13DD45C6-0862-430A-853C-0D508B018CDE}.Debug|Any CPU.Build.0 = Debug|Any CPU
		{13DD45C6-0862-430A-853C-0D508B018CDE}.Release|Any CPU.ActiveCfg = Release|Any CPU
		{13DD45C6-0862-430A-853C-0D508B018CDE}.Release|Any CPU.Build.0 = Release|Any CPU
	EndGlobalSection
	GlobalSection(SolutionProperties) = preSolution
		HideSolutionNode = FALSE
	EndGlobalSection
	GlobalSection(ExtensibilityGlobals) = postSolution
		SolutionGuid = {C74E6D68-1636-4D19-98CB-51AE4668FF58}
	EndGlobalSection
EndGlobal
